
Microsoft Visual Studio Solution File, Format Version 12.00
# Visual Studio Version 16
VisualStudioVersion = 16.0.31402.337
MinimumVisualStudioVersion = 10.0.40219.1
Project("{FAE04EC0-301F-11D3-BF4B-00C04F79EFBC}") = "ManagementAppBlazorAzure", "ManagementAppBlazorAzure\ManagementAppBlazorAzure.csproj", "{2EB4E604-3436-4BF9-9868-070B29E76767}"
EndProject
Global
	GlobalSection(SolutionConfigurationPlatforms) = preSolution
		Debug|Any CPU = Debug|Any CPU
		Release|Any CPU = Release|Any CPU
	EndGlobalSection
	GlobalSection(ProjectConfigurationPlatforms) = postSolution
		{2EB4E604-3436-4BF9-9868-070B29E76767}.Debug|Any CPU.ActiveCfg = Debug|Any CPU
		{2EB4E604-3436-4BF9-9868-070B29E76767}.Debug|Any CPU.Build.0 = Debug|Any CPU
		{2EB4E604-3436-4BF9-9868-070B29E76767}.Release|Any CPU.ActiveCfg = Release|Any CPU
		{2EB4E604-3436-4BF9-9868-070B29E76767}.Release|Any CPU.Build.0 = Release|Any CPU
	EndGlobalSection
	GlobalSection(SolutionProperties) = preSolution
		HideSolutionNode = FALSE
	EndGlobalSection
	GlobalSection(ExtensibilityGlobals) = postSolution
		SolutionGuid = {B20C3659-952A-4438-98B4-595AE1A2439E}
	EndGlobalSection
EndGlobal
